
Microsoft Visual Studio Solution File, Format Version 12.00
# Visual Studio Version 17
VisualStudioVersion = 17.1.32421.90
MinimumVisualStudioVersion = 10.0.40219.1
Project("{FAE04EC0-301F-11D3-BF4B-00C04F79EFBC}") = "SubmitOrders", "SubmitOrders\SubmitOrders.csproj", "{FA18027A-48AE-4012-BD2B-D8C3188531BA}"
EndProject
Project("{FAE04EC0-301F-11D3-BF4B-00C04F79EFBC}") = "SellShirts", "SellShirts\SellShirts.csproj", "{B841C70E-6CCA-4D10-A3B9-F108FC20C886}"
EndProject
Project("{FAE04EC0-301F-11D3-BF4B-00C04F79EFBC}") = "BuyAndSell", "BuyAndSell\BuyAndSell.csproj", "{8DEE89F6-6B0F-49A9-8D1F-1334A31AA60E}"
EndProject
Project("{FAE04EC0-301F-11D3-BF4B-00C04F79EFBC}") = "BuyAndSellWithLogs", "BuyAndSellWithLogs\BuyAndSellWithLogs.csproj", "{943BFFD7-FB6E-4F80-89A6-9AC45FE551A3}"
EndProject
Project("{FAE04EC0-301F-11D3-BF4B-00C04F79EFBC}") = "BuyAndSellWithBlockingCollection", "BuyAndSellWithBlockingCollection\BuyAndSellWithBlockingCollection.csproj", "{636D9BFE-4574-4F5B-9BA5-FB426BECA3BF}"
EndProject
Project("{FAE04EC0-301F-11D3-BF4B-00C04F79EFBC}") = "Dictionary", "Dictionary\Dictionary.csproj", "{8C56AB3A-3E35-4095-9944-AE3B92E47D1C}"
EndProject
Project("{FAE04EC0-301F-11D3-BF4B-00C04F79EFBC}") = "EnumerateDictionary", "EnumerateDictionary\EnumerateDictionary.csproj", "{63513645-D630-43B5-A34E-36B014DE30AD}"
EndProject
Global
	GlobalSection(SolutionConfigurationPlatforms) = preSolution
		Debug|Any CPU = Debug|Any CPU
		Release|Any CPU = Release|Any CPU
	EndGlobalSection
	GlobalSection(ProjectConfigurationPlatforms) = postSolution
		{FA18027A-48AE-4012-BD2B-D8C3188531BA}.Debug|Any CPU.ActiveCfg = Debug|Any CPU
		{FA18027A-48AE-4012-BD2B-D8C3188531BA}.Debug|Any CPU.Build.0 = Debug|Any CPU
		{FA18027A-48AE-4012-BD2B-D8C3188531BA}.Release|Any CPU.ActiveCfg = Release|Any CPU
		{FA18027A-48AE-4012-BD2B-D8C3188531BA}.Release|Any CPU.Build.0 = Release|Any CPU
		{B841C70E-6CCA-4D10-A3B9-F108FC20C886}.Debug|Any CPU.ActiveCfg = Debug|Any CPU
		{B841C70E-6CCA-4D10-A3B9-F108FC20C886}.Debug|Any CPU.Build.0 = Debug|Any CPU
		{B841C70E-6CCA-4D10-A3B9-F108FC20C886}.Release|Any CPU.ActiveCfg = Release|Any CPU
		{B841C70E-6CCA-4D10-A3B9-F108FC20C886}.Release|Any CPU.Build.0 = Release|Any CPU
		{8DEE89F6-6B0F-49A9-8D1F-1334A31AA60E}.Debug|Any CPU.ActiveCfg = Debug|Any CPU
		{8DEE89F6-6B0F-49A9-8D1F-1334A31AA60E}.Debug|Any CPU.Build.0 = Debug|Any CPU
		{8DEE89F6-6B0F-49A9-8D1F-1334A31AA60E}.Release|Any CPU.ActiveCfg = Release|Any CPU
		{8DEE89F6-6B0F-49A9-8D1F-1334A31AA60E}.Release|Any CPU.Build.0 = Release|Any CPU
		{943BFFD7-FB6E-4F80-89A6-9AC45FE551A3}.Debug|Any CPU.ActiveCfg = Debug|Any CPU
		{943BFFD7-FB6E-4F80-89A6-9AC45FE551A3}.Debug|Any CPU.Build.0 = Debug|Any CPU
		{943BFFD7-FB6E-4F80-89A6-9AC45FE551A3}.Release|Any CPU.ActiveCfg = Release|Any CPU
		{943BFFD7-FB6E-4F80-89A6-9AC45FE551A3}.Release|Any CPU.Build.0 = Release|Any CPU
		{636D9BFE-4574-4F5B-9BA5-FB426BECA3BF}.Debug|Any CPU.ActiveCfg = Debug|Any CPU
		{636D9BFE-4574-4F5B-9BA5-FB426BECA3BF}.Debug|Any CPU.Build.0 = Debug|Any CPU
		{636D9BFE-4574-4F5B-9BA5-FB426BECA3BF}.Release|Any CPU.ActiveCfg = Release|Any CPU
		{636D9BFE-4574-4F5B-9BA5-FB426BECA3BF}.Release|Any CPU.Build.0 = Release|Any CPU
		{8C56AB3A-3E35-4095-9944-AE3B92E47D1C}.Debug|Any CPU.ActiveCfg = Debug|Any CPU
		{8C56AB3A-3E35-4095-9944-AE3B92E47D1C}.Debug|Any CPU.Build.0 = Debug|Any CPU
		{8C56AB3A-3E35-4095-9944-AE3B92E47D1C}.Release|Any CPU.ActiveCfg = Release|Any CPU
		{8C56AB3A-3E35-4095-9944-AE3B92E47D1C}.Release|Any CPU.Build.0 = Release|Any CPU
		{63513645-D630-43B5-A34E-36B014DE30AD}.Debug|Any CPU.ActiveCfg = Debug|Any CPU
		{63513645-D630-43B5-A34E-36B014DE30AD}.Debug|Any CPU.Build.0 = Debug|Any CPU
		{63513645-D630-43B5-A34E-36B014DE30AD}.Release|Any CPU.ActiveCfg = Release|Any CPU
		{63513645-D630-43B5-A34E-36B014DE30AD}.Release|Any CPU.Build.0 = Release|Any CPU
	EndGlobalSection
	GlobalSection(SolutionProperties) = preSolution
		HideSolutionNode = FALSE
	EndGlobalSection
	GlobalSection(ExtensibilityGlobals) = postSolution
		SolutionGuid = {70476AE0-FBAB-425B-A2A0-43A69FDB3DC0}
	EndGlobalSection
EndGlobal
